
Microsoft Visual Studio Solution File, Format Version 12.00
# Visual Studio Version 17
VisualStudioVersion = 17.2.32602.215
MinimumVisualStudioVersion = 10.0.40219.1
Project("{9A19103F-16F7-4668-BE54-9A1E7A4F7556}") = "Adam.WebApi", "Adam.WebApi\Adam.WebApi.csproj", "{8C5B51FE-5E37-410F-ABDA-1A552C61AB01}"
EndProject
Project("{9A19103F-16F7-4668-BE54-9A1E7A4F7556}") = "Adam.ConsoleApp", "Adam.ConsoleApp\Adam.ConsoleApp.csproj", "{C2E8868A-651F-4D5B-8AA0-F082B94186C6}"
EndProject
Project("{E24C65DC-7377-472B-9ABA-BC803B73C61A}") = "Adam.WebSite", "Adam.WebSite\", "{6CA08DE1-7458-4D78-96AF-DB9B5D172F06}"
	ProjectSection(WebsiteProperties) = preProject
		TargetFrameworkMoniker = ".NETFramework,Version%3Dv4.7.2"
		Debug.AspNetCompiler.VirtualPath = "/localhost_52027"
		Debug.AspNetCompiler.PhysicalPath = "Adam.WebSite\"
		Debug.AspNetCompiler.TargetPath = "PrecompiledWeb\localhost_52027\"
		Debug.AspNetCompiler.Updateable = "true"
		Debug.AspNetCompiler.ForceOverwrite = "true"
		Debug.AspNetCompiler.FixedNames = "false"
		Debug.AspNetCompiler.Debug = "True"
		Release.AspNetCompiler.VirtualPath = "/localhost_52027"
		Release.AspNetCompiler.PhysicalPath = "Adam.WebSite\"
		Release.AspNetCompiler.TargetPath = "PrecompiledWeb\localhost_52027\"
		Release.AspNetCompiler.Updateable = "true"
		Release.AspNetCompiler.ForceOverwrite = "true"
		Release.AspNetCompiler.FixedNames = "false"
		Release.AspNetCompiler.Debug = "False"
		VWDPort = "52027"
		SlnRelativePath = "Adam.WebSite\"
		DefaultWebSiteLanguage = "Visual C#"
	EndProjectSection
EndProject
Project("{9A19103F-16F7-4668-BE54-9A1E7A4F7556}") = "Adam.Core", "Adam.Core\Adam.Core.csproj", "{ACE77353-7A04-4724-992F-872044A91197}"
EndProject
Project("{9A19103F-16F7-4668-BE54-9A1E7A4F7556}") = "Adam.Data", "Adam.Data\Adam.Data.csproj", "{635A015A-53C6-4F7B-9E0B-9518B756A78C}"
EndProject
Project("{9A19103F-16F7-4668-BE54-9A1E7A4F7556}") = "Adam.Services", "Adam.Services\Adam.Services.csproj", "{6568BE04-F737-4290-9213-8B3AE1346428}"
EndProject
Project("{9A19103F-16F7-4668-BE54-9A1E7A4F7556}") = "Adam.IServices", "Adam.IServices\Adam.IServices.csproj", "{DB7EE781-2BB7-41E9-807D-FA96B06D78E7}"
EndProject
Project("{9A19103F-16F7-4668-BE54-9A1E7A4F7556}") = "Adam.Dto", "Adam.Dto\Adam.Dto.csproj", "{B4814D6C-E348-477B-8E92-523E8ECBAAB9}"
EndProject
Project("{2150E333-8FDC-42A3-9474-1A3956D46DE8}") = "Solution Items", "Solution Items", "{66A9E45A-7CCE-4C87-A154-19925C67906A}"
	ProjectSection(SolutionItems) = preProject
		.editorconfig = .editorconfig
	EndProjectSection
EndProject
Project("{2150E333-8FDC-42A3-9474-1A3956D46DE8}") = "App", "App", "{DAD61EBB-69B3-4795-B562-6CAE03A520EF}"
EndProject
Project("{2150E333-8FDC-42A3-9474-1A3956D46DE8}") = "Services", "Services", "{8A832965-B645-4BCD-BD1D-47DB2E9B33DC}"
EndProject
Project("{2150E333-8FDC-42A3-9474-1A3956D46DE8}") = "Core", "Core", "{0C901190-95C5-4BB3-8326-DA229AEEA348}"
EndProject
Project("{2150E333-8FDC-42A3-9474-1A3956D46DE8}") = "Dtos", "Dtos", "{3D91665A-C5F1-4F39-B3A5-6FAF10C8B528}"
EndProject
Project("{FAE04EC0-301F-11D3-BF4B-00C04F79EFBC}") = "BlazorApp", "BlazorApp\BlazorApp.csproj", "{25104D05-36B0-42ED-AFCA-58D244DEE11E}"
EndProject
Project("{FAE04EC0-301F-11D3-BF4B-00C04F79EFBC}") = "WebApp", "WebApp\WebApp.csproj", "{8424E3F8-5FBE-44A2-A93F-3C81EF0D0449}"
EndProject
Global
	GlobalSection(SolutionConfigurationPlatforms) = preSolution
		Debug|Any CPU = Debug|Any CPU
		Release|Any CPU = Release|Any CPU
	EndGlobalSection
	GlobalSection(ProjectConfigurationPlatforms) = postSolution
		{8C5B51FE-5E37-410F-ABDA-1A552C61AB01}.Debug|Any CPU.ActiveCfg = Debug|Any CPU
		{8C5B51FE-5E37-410F-ABDA-1A552C61AB01}.Debug|Any CPU.Build.0 = Debug|Any CPU
		{8C5B51FE-5E37-410F-ABDA-1A552C61AB01}.Release|Any CPU.ActiveCfg = Release|Any CPU
		{8C5B51FE-5E37-410F-ABDA-1A552C61AB01}.Release|Any CPU.Build.0 = Release|Any CPU
		{C2E8868A-651F-4D5B-8AA0-F082B94186C6}.Debug|Any CPU.ActiveCfg = Debug|Any CPU
		{C2E8868A-651F-4D5B-8AA0-F082B94186C6}.Debug|Any CPU.Build.0 = Debug|Any CPU
		{C2E8868A-651F-4D5B-8AA0-F082B94186C6}.Release|Any CPU.ActiveCfg = Release|Any CPU
		{C2E8868A-651F-4D5B-8AA0-F082B94186C6}.Release|Any CPU.Build.0 = Release|Any CPU
		{6CA08DE1-7458-4D78-96AF-DB9B5D172F06}.Debug|Any CPU.ActiveCfg = Debug|Any CPU
		{6CA08DE1-7458-4D78-96AF-DB9B5D172F06}.Debug|Any CPU.Build.0 = Debug|Any CPU
		{6CA08DE1-7458-4D78-96AF-DB9B5D172F06}.Release|Any CPU.ActiveCfg = Debug|Any CPU
		{6CA08DE1-7458-4D78-96AF-DB9B5D172F06}.Release|Any CPU.Build.0 = Debug|Any CPU
		{ACE77353-7A04-4724-992F-872044A91197}.Debug|Any CPU.ActiveCfg = Debug|Any CPU
		{ACE77353-7A04-4724-992F-872044A91197}.Debug|Any CPU.Build.0 = Debug|Any CPU
		{ACE77353-7A04-4724-992F-872044A91197}.Release|Any CPU.ActiveCfg = Release|Any CPU
		{ACE77353-7A04-4724-992F-872044A91197}.Release|Any CPU.Build.0 = Release|Any CPU
		{635A015A-53C6-4F7B-9E0B-9518B756A78C}.Debug|Any CPU.ActiveCfg = Debug|Any CPU
		{635A015A-53C6-4F7B-9E0B-9518B756A78C}.Debug|Any CPU.Build.0 = Debug|Any CPU
		{635A015A-53C6-4F7B-9E0B-9518B756A78C}.Release|Any CPU.ActiveCfg = Release|Any CPU
		{635A015A-53C6-4F7B-9E0B-9518B756A78C}.Release|Any CPU.Build.0 = Release|Any CPU
		{6568BE04-F737-4290-9213-8B3AE1346428}.Debug|Any CPU.ActiveCfg = Debug|Any CPU
		{6568BE04-F737-4290-9213-8B3AE1346428}.Debug|Any CPU.Build.0 = Debug|Any CPU
		{6568BE04-F737-4290-9213-8B3AE1346428}.Release|Any CPU.ActiveCfg = Release|Any CPU
		{6568BE04-F737-4290-9213-8B3AE1346428}.Release|Any CPU.Build.0 = Release|Any CPU
		{DB7EE781-2BB7-41E9-807D-FA96B06D78E7}.Debug|Any CPU.ActiveCfg = Debug|Any CPU
		{DB7EE781-2BB7-41E9-807D-FA96B06D78E7}.Debug|Any CPU.Build.0 = Debug|Any CPU
		{DB7EE781-2BB7-41E9-807D-FA96B06D78E7}.Release|Any CPU.ActiveCfg = Release|Any CPU
		{DB7EE781-2BB7-41E9-807D-FA96B06D78E7}.Release|Any CPU.Build.0 = Release|Any CPU
		{B4814D6C-E348-477B-8E92-523E8ECBAAB9}.Debug|Any CPU.ActiveCfg = Debug|Any CPU
		{B4814D6C-E348-477B-8E92-523E8ECBAAB9}.Debug|Any CPU.Build.0 = Debug|Any CPU
		{B4814D6C-E348-477B-8E92-523E8ECBAAB9}.Release|Any CPU.ActiveCfg = Release|Any CPU
		{B4814D6C-E348-477B-8E92-523E8ECBAAB9}.Release|Any CPU.Build.0 = Release|Any CPU
		{25104D05-36B0-42ED-AFCA-58D244DEE11E}.Debug|Any CPU.ActiveCfg = Debug|Any CPU
		{25104D05-36B0-42ED-AFCA-58D244DEE11E}.Debug|Any CPU.Build.0 = Debug|Any CPU
		{25104D05-36B0-42ED-AFCA-58D244DEE11E}.Release|Any CPU.ActiveCfg = Release|Any CPU
		{25104D05-36B0-42ED-AFCA-58D244DEE11E}.Release|Any CPU.Build.0 = Release|Any CPU
		{8424E3F8-5FBE-44A2-A93F-3C81EF0D0449}.Debug|Any CPU.ActiveCfg = Debug|Any CPU
		{8424E3F8-5FBE-44A2-A93F-3C81EF0D0449}.Debug|Any CPU.Build.0 = Debug|Any CPU
		{8424E3F8-5FBE-44A2-A93F-3C81EF0D0449}.Release|Any CPU.ActiveCfg = Release|Any CPU
		{8424E3F8-5FBE-44A2-A93F-3C81EF0D0449}.Release|Any CPU.Build.0 = Release|Any CPU
	EndGlobalSection
	GlobalSection(SolutionProperties) = preSolution
		HideSolutionNode = FALSE
	EndGlobalSection
	GlobalSection(NestedProjects) = preSolution
		{8C5B51FE-5E37-410F-ABDA-1A552C61AB01} = {DAD61EBB-69B3-4795-B562-6CAE03A520EF}
		{C2E8868A-651F-4D5B-8AA0-F082B94186C6} = {DAD61EBB-69B3-4795-B562-6CAE03A520EF}
		{6CA08DE1-7458-4D78-96AF-DB9B5D172F06} = {DAD61EBB-69B3-4795-B562-6CAE03A520EF}
		{ACE77353-7A04-4724-992F-872044A91197} = {0C901190-95C5-4BB3-8326-DA229AEEA348}
		{635A015A-53C6-4F7B-9E0B-9518B756A78C} = {0C901190-95C5-4BB3-8326-DA229AEEA348}
		{6568BE04-F737-4290-9213-8B3AE1346428} = {8A832965-B645-4BCD-BD1D-47DB2E9B33DC}
		{DB7EE781-2BB7-41E9-807D-FA96B06D78E7} = {8A832965-B645-4BCD-BD1D-47DB2E9B33DC}
		{B4814D6C-E348-477B-8E92-523E8ECBAAB9} = {3D91665A-C5F1-4F39-B3A5-6FAF10C8B528}
		{25104D05-36B0-42ED-AFCA-58D244DEE11E} = {DAD61EBB-69B3-4795-B562-6CAE03A520EF}
		{8424E3F8-5FBE-44A2-A93F-3C81EF0D0449} = {DAD61EBB-69B3-4795-B562-6CAE03A520EF}
	EndGlobalSection
	GlobalSection(ExtensibilityGlobals) = postSolution
		SolutionGuid = {D0E4424B-5DB6-4078-9E96-00A062B38241}
	EndGlobalSection
EndGlobal
